
Microsoft Visual Studio Solution File, Format Version 12.00
# Visual Studio Version 17
VisualStudioVersion = 17.1.32210.238
MinimumVisualStudioVersion = 10.0.40219.1
Project("{9A19103F-16F7-4668-BE54-9A1E7A4F7556}") = "PaginaCole", "PaginaCole\PaginaCole.csproj", "{C3FD5576-8ADD-480D-B7CF-490989829552}"
EndProject
Global
	GlobalSection(SolutionConfigurationPlatforms) = preSolution
		Debug|Any CPU = Debug|Any CPU
		Release|Any CPU = Release|Any CPU
	EndGlobalSection
	GlobalSection(ProjectConfigurationPlatforms) = postSolution
		{C3FD5576-8ADD-480D-B7CF-490989829552}.Debug|Any CPU.ActiveCfg = Debug|Any CPU
		{C3FD5576-8ADD-480D-B7CF-490989829552}.Debug|Any CPU.Build.0 = Debug|Any CPU
		{C3FD5576-8ADD-480D-B7CF-490989829552}.Release|Any CPU.ActiveCfg = Release|Any CPU
		{C3FD5576-8ADD-480D-B7CF-490989829552}.Release|Any CPU.Build.0 = Release|Any CPU
	EndGlobalSection
	GlobalSection(SolutionProperties) = preSolution
		HideSolutionNode = FALSE
	EndGlobalSection
	GlobalSection(ExtensibilityGlobals) = postSolution
		SolutionGuid = {FC386470-38BA-48B8-9567-C115A52871EA}
	EndGlobalSection
EndGlobal
